{
  "requires": true,
  "lockfileVersion": 1,
  "dependencies": {
    "@angular/animations": {
      "version": "12.2.12",
      "resolved": "https://siemens.jfrog.io/artifactory/api/npm/energy-dev-npm/@angular/animations/-/animations-12.2.12.tgz",
      "integrity": "sha1-rEjFibjXZOfUFoaZiafTSs5s0n0=",
      "requires": {
        "tslib": "^2.2.0"
      }
    },
    "@angular/cdk": {
      "version": "12.2.12",
      "resolved": "https://siemens.jfrog.io/artifactory/api/npm/energy-dev-npm/@angular/cdk/-/cdk-12.2.12.tgz",
      "integrity": "sha1-Yd2jfYkAJ1eQ2mI8H4PaoehZx5U=",
      "requires": {
        "parse5": "^5.0.0",
        "tslib": "^2.2.0"
      }
    },
    "@angular/flex-layout": {
      "version": "12.0.0-beta.35",
      "resolved": "https://siemens.jfrog.io/artifactory/api/npm/energy-dev-npm/@angular/flex-layout/-/flex-layout-12.0.0-beta.35.tgz",
      "integrity": "sha1-tSw8gmCMu5KhGfjc3ipbmBhv5Vg=",
      "requires": {
        "tslib": "^2.1.0"
      }
    },
    "@angular/material": {
      "version": "12.2.12",
      "resolved": "https://siemens.jfrog.io/artifactory/api/npm/energy-dev-npm/@angular/material/-/material-12.2.12.tgz",
      "integrity": "sha1-Zq3T+2SUIhKLMnPBC5t8zi934M8=",
      "requires": {
        "tslib": "^2.2.0"
      }
    },
    "parse5": {
      "version": "5.1.1",
      "resolved": "https://siemens.jfrog.io/artifactory/api/npm/energy-dev-npm/parse5/-/parse5-5.1.1.tgz",
      "integrity": "sha1-9o5OW6GFKsLK3AD0VV//bCq7YXg="
    },
    "tslib": {
      "version": "2.3.1",
      "resolved": "https://siemens.jfrog.io/artifactory/api/npm/energy-dev-npm/tslib/-/tslib-2.3.1.tgz",
      "integrity": "sha1-2pP/LUCOKiuY+6iNCLB3kyljIQ0="
    }
  }
}
